
Microsoft Visual Studio Solution File, Format Version 12.00
# Visual Studio Version 17
VisualStudioVersion = 17.5.002.0
MinimumVisualStudioVersion = 10.0.40219.1
Project("{9A19103F-16F7-4668-BE54-9A1E7A4F7556}") = "SortArrayByIncreasingFrenquency", "SortArrayByIncreasingFrenquency.csproj", "{D6EC9831-2969-4156-847F-52F9FF81354C}"
EndProject
Global
	GlobalSection(SolutionConfigurationPlatforms) = preSolution
		Debug|Any CPU = Debug|Any CPU
		Release|Any CPU = Release|Any CPU
	EndGlobalSection
	GlobalSection(ProjectConfigurationPlatforms) = postSolution
		{D6EC9831-2969-4156-847F-52F9FF81354C}.Debug|Any CPU.ActiveCfg = Debug|Any CPU
		{D6EC9831-2969-4156-847F-52F9FF81354C}.Debug|Any CPU.Build.0 = Debug|Any CPU
		{D6EC9831-2969-4156-847F-52F9FF81354C}.Release|Any CPU.ActiveCfg = Release|Any CPU
		{D6EC9831-2969-4156-847F-52F9FF81354C}.Release|Any CPU.Build.0 = Release|Any CPU
	EndGlobalSection
	GlobalSection(SolutionProperties) = preSolution
		HideSolutionNode = FALSE
	EndGlobalSection
	GlobalSection(ExtensibilityGlobals) = postSolution
		SolutionGuid = {0F2C09A2-8D40-4FD6-9B4A-F9640BF9E3A5}
	EndGlobalSection
EndGlobal
